// !$*UTF8*$!
{
	archiveVersion = 1;
	classes = {
	};
	objectVersion = 50;
	objects = {

/* Begin PBXBuildFile section */
		AF180574251996E9004A80BE /* URLFile.swift in Sources */ = {isa = PBXBuildFile; fileRef = AF180573251996E9004A80BE /* URLFile.swift */; };
		AF180575251996E9004A80BE /* URLFile.swift in Sources */ = {isa = PBXBuildFile; fileRef = AF180573251996E9004A80BE /* URLFile.swift */; };
		AF180590251A069C004A80BE /* HTTPURLResponse+.swift in Sources */ = {isa = PBXBuildFile; fileRef = AF18058F251A069C004A80BE /* HTTPURLResponse+.swift */; };
		AF180591251A069C004A80BE /* HTTPURLResponse+.swift in Sources */ = {isa = PBXBuildFile; fileRef = AF18058F251A069C004A80BE /* HTTPURLResponse+.swift */; };
		AF1805A2251AEE1E004A80BE /* URLRequest+.swift in Sources */ = {isa = PBXBuildFile; fileRef = AF1805A1251AEE1E004A80BE /* URLRequest+.swift */; };
		AF1805A3251AEE1E004A80BE /* URLRequest+.swift in Sources */ = {isa = PBXBuildFile; fileRef = AF1805A1251AEE1E004A80BE /* URLRequest+.swift */; };
		AF1805A7251AEEA9004A80BE /* AVPlayer+.swift in Sources */ = {isa = PBXBuildFile; fileRef = AF1805A6251AEEA9004A80BE /* AVPlayer+.swift */; };
		AF1805A8251AEEA9004A80BE /* AVPlayer+.swift in Sources */ = {isa = PBXBuildFile; fileRef = AF1805A6251AEEA9004A80BE /* AVPlayer+.swift */; };
		AF2B191C25132A4C00C045E2 /* AppDelegate.swift in Sources */ = {isa = PBXBuildFile; fileRef = AF2B191B25132A4C00C045E2 /* AppDelegate.swift */; };
		AF2B191E25132A4C00C045E2 /* PlayerViewController.swift in Sources */ = {isa = PBXBuildFile; fileRef = AF2B191D25132A4C00C045E2 /* PlayerViewController.swift */; };
		AF2B192125132A4C00C045E2 /* Main.storyboard in Resources */ = {isa = PBXBuildFile; fileRef = AF2B191F25132A4C00C045E2 /* Main.storyboard */; };
		AF2B192425132A4C00C045E2 /* LaunchScreen.storyboard in Resources */ = {isa = PBXBuildFile; fileRef = AF2B192225132A4C00C045E2 /* LaunchScreen.storyboard */; };
		AF2B192D25132A4C00C045E2 /* AppDelegate.swift in Sources */ = {isa = PBXBuildFile; fileRef = AF2B192C25132A4C00C045E2 /* AppDelegate.swift */; };
		AF2B192F25132A4C00C045E2 /* PlayerViewController.swift in Sources */ = {isa = PBXBuildFile; fileRef = AF2B192E25132A4C00C045E2 /* PlayerViewController.swift */; };
		AF2B193225132A4C00C045E2 /* Main.storyboard in Resources */ = {isa = PBXBuildFile; fileRef = AF2B193025132A4C00C045E2 /* Main.storyboard */; };
		AF2B193B25132A4C00C045E2 /* Assets.xcassets in Resources */ = {isa = PBXBuildFile; fileRef = AF2B191325132A4C00C045E2 /* Assets.xcassets */; };
		AF2B193C25132A4C00C045E2 /* Assets.xcassets in Resources */ = {isa = PBXBuildFile; fileRef = AF2B191325132A4C00C045E2 /* Assets.xcassets */; };
		AFB8A89A2513565D00994805 /* URLCache.swift in Sources */ = {isa = PBXBuildFile; fileRef = AFB8A8992513565D00994805 /* URLCache.swift */; };
		AFB8A89B2513565D00994805 /* URLCache.swift in Sources */ = {isa = PBXBuildFile; fileRef = AFB8A8992513565D00994805 /* URLCache.swift */; };
/* End PBXBuildFile section */

/* Begin PBXFileReference section */
		AF180573251996E9004A80BE /* URLFile.swift */ = {isa = PBXFileReference; lastKnownFileType = sourcecode.swift; path = URLFile.swift; sourceTree = "<group>"; };
		AF18058F251A069C004A80BE /* HTTPURLResponse+.swift */ = {isa = PBXFileReference; lastKnownFileType = sourcecode.swift; path = "HTTPURLResponse+.swift"; sourceTree = "<group>"; };
		AF1805A1251AEE1E004A80BE /* URLRequest+.swift */ = {isa = PBXFileReference; lastKnownFileType = sourcecode.swift; path = "URLRequest+.swift"; sourceTree = "<group>"; };
		AF1805A6251AEEA9004A80BE /* AVPlayer+.swift */ = {isa = PBXFileReference; lastKnownFileType = sourcecode.swift; path = "AVPlayer+.swift"; sourceTree = "<group>"; };
		AF2B191325132A4C00C045E2 /* Assets.xcassets */ = {isa = PBXFileReference; lastKnownFileType = folder.assetcatalog; path = Assets.xcassets; sourceTree = "<group>"; };
		AF2B191825132A4C00C045E2 /* AVURLCache.app */ = {isa = PBXFileReference; explicitFileType = wrapper.application; includeInIndex = 0; path = AVURLCache.app; sourceTree = BUILT_PRODUCTS_DIR; };
		AF2B191B25132A4C00C045E2 /* AppDelegate.swift */ = {isa = PBXFileReference; lastKnownFileType = sourcecode.swift; path = AppDelegate.swift; sourceTree = "<group>"; };
		AF2B191D25132A4C00C045E2 /* PlayerViewController.swift */ = {isa = PBXFileReference; lastKnownFileType = sourcecode.swift; path = PlayerViewController.swift; sourceTree = "<group>"; };
		AF2B192025132A4C00C045E2 /* Base */ = {isa = PBXFileReference; lastKnownFileType = file.storyboard; name = Base; path = Base.lproj/Main.storyboard; sourceTree = "<group>"; };
		AF2B192325132A4C00C045E2 /* Base */ = {isa = PBXFileReference; lastKnownFileType = file.storyboard; name = Base; path = Base.lproj/LaunchScreen.storyboard; sourceTree = "<group>"; };
		AF2B192525132A4C00C045E2 /* Info.plist */ = {isa = PBXFileReference; lastKnownFileType = text.plist.xml; path = Info.plist; sourceTree = "<group>"; };
		AF2B192A25132A4C00C045E2 /* AVURLCache.app */ = {isa = PBXFileReference; explicitFileType = wrapper.application; includeInIndex = 0; path = AVURLCache.app; sourceTree = BUILT_PRODUCTS_DIR; };
		AF2B192C25132A4C00C045E2 /* AppDelegate.swift */ = {isa = PBXFileReference; lastKnownFileType = sourcecode.swift; path = AppDelegate.swift; sourceTree = "<group>"; };
		AF2B192E25132A4C00C045E2 /* PlayerViewController.swift */ = {isa = PBXFileReference; lastKnownFileType = sourcecode.swift; path = PlayerViewController.swift; sourceTree = "<group>"; };
		AF2B193125132A4C00C045E2 /* Base */ = {isa = PBXFileReference; lastKnownFileType = file.storyboard; name = Base; path = Base.lproj/Main.storyboard; sourceTree = "<group>"; };
		AF2B193325132A4C00C045E2 /* Info.plist */ = {isa = PBXFileReference; lastKnownFileType = text.plist.xml; path = Info.plist; sourceTree = "<group>"; };
		AF2B193425132A4C00C045E2 /* AVURLCache_macOS.entitlements */ = {isa = PBXFileReference; lastKnownFileType = text.plist.entitlements; path = AVURLCache_macOS.entitlements; sourceTree = "<group>"; };
		AFB8A8992513565D00994805 /* URLCache.swift */ = {isa = PBXFileReference; lastKnownFileType = sourcecode.swift; path = URLCache.swift; sourceTree = "<group>"; };
/* End PBXFileReference section */

/* Begin PBXFrameworksBuildPhase section */
		AF2B191525132A4C00C045E2 /* Frameworks */ = {
			isa = PBXFrameworksBuildPhase;
			buildActionMask = 2147483647;
			files = (
			);
			runOnlyForDeploymentPostprocessing = 0;
		};
		AF2B192725132A4C00C045E2 /* Frameworks */ = {
			isa = PBXFrameworksBuildPhase;
			buildActionMask = 2147483647;
			files = (
			);
			runOnlyForDeploymentPostprocessing = 0;
		};
/* End PBXFrameworksBuildPhase section */

/* Begin PBXGroup section */
		AF2B190A25132A4900C045E2 = {
			isa = PBXGroup;
			children = (
				AF2B190F25132A4900C045E2 /* AVURLCache Shared */,
				AF2B191A25132A4C00C045E2 /* AVURLCache iOS */,
				AF2B192B25132A4C00C045E2 /* AVURLCache macOS */,
				AF2B191925132A4C00C045E2 /* Products */,
				AF80F38125134FBE007E3EF9 /* Frameworks */,
			);
			sourceTree = "<group>";
		};
		AF2B190F25132A4900C045E2 /* AVURLCache Shared */ = {
			isa = PBXGroup;
			children = (
				AF98D07625136F24003C5BA7 /* Extension */,
				AF2B191325132A4C00C045E2 /* Assets.xcassets */,
				AFB8A8992513565D00994805 /* URLCache.swift */,
				AF180573251996E9004A80BE /* URLFile.swift */,
			);
			path = "AVURLCache Shared";
			sourceTree = "<group>";
		};
		AF2B191925132A4C00C045E2 /* Products */ = {
			isa = PBXGroup;
			children = (
				AF2B191825132A4C00C045E2 /* AVURLCache.app */,
				AF2B192A25132A4C00C045E2 /* AVURLCache.app */,
			);
			name = Products;
			sourceTree = "<group>";
		};
		AF2B191A25132A4C00C045E2 /* AVURLCache iOS */ = {
			isa = PBXGroup;
			children = (
				AF2B191B25132A4C00C045E2 /* AppDelegate.swift */,
				AF2B191D25132A4C00C045E2 /* PlayerViewController.swift */,
				AF2B191F25132A4C00C045E2 /* Main.storyboard */,
				AF2B192225132A4C00C045E2 /* LaunchScreen.storyboard */,
				AF2B192525132A4C00C045E2 /* Info.plist */,
			);
			path = "AVURLCache iOS";
			sourceTree = "<group>";
		};
		AF2B192B25132A4C00C045E2 /* AVURLCache macOS */ = {
			isa = PBXGroup;
			children = (
				AF2B192C25132A4C00C045E2 /* AppDelegate.swift */,
				AF2B192E25132A4C00C045E2 /* PlayerViewController.swift */,
				AF2B193025132A4C00C045E2 /* Main.storyboard */,
				AF2B193325132A4C00C045E2 /* Info.plist */,
				AF2B193425132A4C00C045E2 /* AVURLCache_macOS.entitlements */,
			);
			path = "AVURLCache macOS";
			sourceTree = "<group>";
		};
		AF80F38125134FBE007E3EF9 /* Frameworks */ = {
			isa = PBXGroup;
			children = (
			);
			name = Frameworks;
			sourceTree = "<group>";
		};
		AF98D07625136F24003C5BA7 /* Extension */ = {
			isa = PBXGroup;
			children = (
				AF18058F251A069C004A80BE /* HTTPURLResponse+.swift */,
				AF1805A1251AEE1E004A80BE /* URLRequest+.swift */,
				AF1805A6251AEEA9004A80BE /* AVPlayer+.swift */,
			);
			path = Extension;
			sourceTree = "<group>";
		};
/* End PBXGroup section */

/* Begin PBXNativeTarget section */
		AF2B191725132A4C00C045E2 /* AVURLCache iOS */ = {
			isa = PBXNativeTarget;
			buildConfigurationList = AF2B193F25132A4C00C045E2 /* Build configuration list for PBXNativeTarget "AVURLCache iOS" */;
			buildPhases = (
				AF2B191425132A4C00C045E2 /* Sources */,
				AF2B191525132A4C00C045E2 /* Frameworks */,
				AF2B191625132A4C00C045E2 /* Resources */,
			);
			buildRules = (
			);
			dependencies = (
			);
			name = "AVURLCache iOS";
			packageProductDependencies = (
			);
			productName = "AVURLCache iOS";
			productReference = AF2B191825132A4C00C045E2 /* AVURLCache.app */;
			productType = "com.apple.product-type.application";
		};
		AF2B192925132A4C00C045E2 /* AVURLCache macOS */ = {
			isa = PBXNativeTarget;
			buildConfigurationList = AF2B194225132A4C00C045E2 /* Build configuration list for PBXNativeTarget "AVURLCache macOS" */;
			buildPhases = (
				AF2B192625132A4C00C045E2 /* Sources */,
				AF2B192725132A4C00C045E2 /* Frameworks */,
				AF2B192825132A4C00C045E2 /* Resources */,
			);
			buildRules = (
			);
			dependencies = (
			);
			name = "AVURLCache macOS";
			packageProductDependencies = (
			);
			productName = "AVURLCache macOS";
			productReference = AF2B192A25132A4C00C045E2 /* AVURLCache.app */;
			productType = "com.apple.product-type.application";
		};
/* End PBXNativeTarget section */

/* Begin PBXProject section */
		AF2B190B25132A4900C045E2 /* Project object */ = {
			isa = PBXProject;
			attributes = {
				LastSwiftUpdateCheck = 1200;
				LastUpgradeCheck = 1200;
				TargetAttributes = {
					AF2B191725132A4C00C045E2 = {
						CreatedOnToolsVersion = 12.0;
					};
					AF2B192925132A4C00C045E2 = {
						CreatedOnToolsVersion = 12.0;
					};
				};
			};
			buildConfigurationList = AF2B190E25132A4900C045E2 /* Build configuration list for PBXProject "AVURLCache" */;
			compatibilityVersion = "Xcode 9.3";
			developmentRegion = en;
			hasScannedForEncodings = 0;
			knownRegions = (
				en,
				Base,
			);
			mainGroup = AF2B190A25132A4900C045E2;
			packageReferences = (
			);
			productRefGroup = AF2B191925132A4C00C045E2 /* Products */;
			projectDirPath = "";
			projectRoot = "";
			targets = (
				AF2B191725132A4C00C045E2 /* AVURLCache iOS */,
				AF2B192925132A4C00C045E2 /* AVURLCache macOS */,
			);
		};
/* End PBXProject section */

/* Begin PBXResourcesBuildPhase section */
		AF2B191625132A4C00C045E2 /* Resources */ = {
			isa = PBXResourcesBuildPhase;
			buildActionMask = 2147483647;
			files = (
				AF2B192125132A4C00C045E2 /* Main.storyboard in Resources */,
				AF2B193B25132A4C00C045E2 /* Assets.xcassets in Resources */,
				AF2B192425132A4C00C045E2 /* LaunchScreen.storyboard in Resources */,
			);
			runOnlyForDeploymentPostprocessing = 0;
		};
		AF2B192825132A4C00C045E2 /* Resources */ = {
			isa = PBXResourcesBuildPhase;
			buildActionMask = 2147483647;
			files = (
				AF2B193225132A4C00C045E2 /* Main.storyboard in Resources */,
				AF2B193C25132A4C00C045E2 /* Assets.xcassets in Resources */,
			);
			runOnlyForDeploymentPostprocessing = 0;
		};
/* End PBXResourcesBuildPhase section */

/* Begin PBXSourcesBuildPhase section */
		AF2B191425132A4C00C045E2 /* Sources */ = {
			isa = PBXSourcesBuildPhase;
			buildActionMask = 2147483647;
			files = (
				AF1805A7251AEEA9004A80BE /* AVPlayer+.swift in Sources */,
				AF2B191E25132A4C00C045E2 /* PlayerViewController.swift in Sources */,
				AFB8A89A2513565D00994805 /* URLCache.swift in Sources */,
				AF2B191C25132A4C00C045E2 /* AppDelegate.swift in Sources */,
				AF180590251A069C004A80BE /* HTTPURLResponse+.swift in Sources */,
				AF1805A2251AEE1E004A80BE /* URLRequest+.swift in Sources */,
				AF180574251996E9004A80BE /* URLFile.swift in Sources */,
			);
			runOnlyForDeploymentPostprocessing = 0;
		};
		AF2B192625132A4C00C045E2 /* Sources */ = {
			isa = PBXSourcesBuildPhase;
			buildActionMask = 2147483647;
			files = (
				AF1805A8251AEEA9004A80BE /* AVPlayer+.swift in Sources */,
				AF2B192F25132A4C00C045E2 /* PlayerViewController.swift in Sources */,
				AFB8A89B2513565D00994805 /* URLCache.swift in Sources */,
				AF2B192D25132A4C00C045E2 /* AppDelegate.swift in Sources */,
				AF180591251A069C004A80BE /* HTTPURLResponse+.swift in Sources */,
				AF1805A3251AEE1E004A80BE /* URLRequest+.swift in Sources */,
				AF180575251996E9004A80BE /* URLFile.swift in Sources */,
			);
			runOnlyForDeploymentPostprocessing = 0;
		};
/* End PBXSourcesBuildPhase section */

/* Begin PBXVariantGroup section */
		AF2B191F25132A4C00C045E2 /* Main.storyboard */ = {
			isa = PBXVariantGroup;
			children = (
				AF2B192025132A4C00C045E2 /* Base */,
			);
			name = Main.storyboard;
			sourceTree = "<group>";
		};
		AF2B192225132A4C00C045E2 /* LaunchScreen.storyboard */ = {
			isa = PBXVariantGroup;
			children = (
				AF2B192325132A4C00C045E2 /* Base */,
			);
			name = LaunchScreen.storyboard;
			sourceTree = "<group>";
		};
		AF2B193025132A4C00C045E2 /* Main.storyboard */ = {
			isa = PBXVariantGroup;
			children = (
				AF2B193125132A4C00C045E2 /* Base */,
			);
			name = Main.storyboard;
			sourceTree = "<group>";
		};
/* End PBXVariantGroup section */

/* Begin XCBuildConfiguration section */
		AF2B193D25132A4C00C045E2 /* Debug */ = {
			isa = XCBuildConfiguration;
			buildSettings = {
				ALWAYS_SEARCH_USER_PATHS = NO;
				CLANG_ANALYZER_NONNULL = YES;
				CLANG_ANALYZER_NUMBER_OBJECT_CONVERSION = YES_AGGRESSIVE;
				CLANG_CXX_LANGUAGE_STANDARD = "gnu++14";
				CLANG_CXX_LIBRARY = "libc++";
				CLANG_ENABLE_MODULES = YES;
				CLANG_ENABLE_OBJC_ARC = YES;
				CLANG_ENABLE_OBJC_WEAK = YES;
				CLANG_WARN_BLOCK_CAPTURE_AUTORELEASING = YES;
				CLANG_WARN_BOOL_CONVERSION = YES;
				CLANG_WARN_COMMA = YES;
				CLANG_WARN_CONSTANT_CONVERSION = YES;
				CLANG_WARN_DEPRECATED_OBJC_IMPLEMENTATIONS = YES;
				CLANG_WARN_DIRECT_OBJC_ISA_USAGE = YES_ERROR;
				CLANG_WARN_DOCUMENTATION_COMMENTS = YES;
				CLANG_WARN_EMPTY_BODY = YES;
				CLANG_WARN_ENUM_CONVERSION = YES;
				CLANG_WARN_INFINITE_RECURSION = YES;
				CLANG_WARN_INT_CONVERSION = YES;
				CLANG_WARN_NON_LITERAL_NULL_CONVERSION = YES;
				CLANG_WARN_OBJC_IMPLICIT_RETAIN_SELF = YES;
				CLANG_WARN_OBJC_LITERAL_CONVERSION = YES;
				CLANG_WARN_OBJC_ROOT_CLASS = YES_ERROR;
				CLANG_WARN_QUOTED_INCLUDE_IN_FRAMEWORK_HEADER = YES;
				CLANG_WARN_RANGE_LOOP_ANALYSIS = YES;
				CLANG_WARN_STRICT_PROTOTYPES = YES;
				CLANG_WARN_SUSPICIOUS_MOVE = YES;
				CLANG_WARN_UNGUARDED_AVAILABILITY = YES_AGGRESSIVE;
				CLANG_WARN_UNREACHABLE_CODE = YES;
				CLANG_WARN__DUPLICATE_METHOD_MATCH = YES;
				COPY_PHASE_STRIP = NO;
				DEBUG_INFORMATION_FORMAT = dwarf;
				ENABLE_STRICT_OBJC_MSGSEND = YES;
				ENABLE_TESTABILITY = YES;
				GCC_C_LANGUAGE_STANDARD = gnu11;
				GCC_DYNAMIC_NO_PIC = NO;
				GCC_NO_COMMON_BLOCKS = YES;
				GCC_OPTIMIZATION_LEVEL = 0;
				GCC_PREPROCESSOR_DEFINITIONS = (
					"DEBUG=1",
					"$(inherited)",
				);
				GCC_WARN_64_TO_32_BIT_CONVERSION = YES;
				GCC_WARN_ABOUT_RETURN_TYPE = YES_ERROR;
				GCC_WARN_UNDECLARED_SELECTOR = YES;
				GCC_WARN_UNINITIALIZED_AUTOS = YES_AGGRESSIVE;
				GCC_WARN_UNUSED_FUNCTION = YES;
				GCC_WARN_UNUSED_VARIABLE = YES;
				MTL_ENABLE_DEBUG_INFO = INCLUDE_SOURCE;
				MTL_FAST_MATH = YES;
				ONLY_ACTIVE_ARCH = YES;
				SWIFT_ACTIVE_COMPILATION_CONDITIONS = DEBUG;
				SWIFT_OPTIMIZATION_LEVEL = "-Onone";
			};
			name = Debug;
		};
		AF2B193E25132A4C00C045E2 /* Release */ = {
			isa = XCBuildConfiguration;
			buildSettings = {
				ALWAYS_SEARCH_USER_PATHS = NO;
				CLANG_ANALYZER_NONNULL = YES;
				CLANG_ANALYZER_NUMBER_OBJECT_CONVERSION = YES_AGGRESSIVE;
				CLANG_CXX_LANGUAGE_STANDARD = "gnu++14";
				CLANG_CXX_LIBRARY = "libc++";
				CLANG_ENABLE_MODULES = YES;
				CLANG_ENABLE_OBJC_ARC = YES;
				CLANG_ENABLE_OBJC_WEAK = YES;
				CLANG_WARN_BLOCK_CAPTURE_AUTORELEASING = YES;
				CLANG_WARN_BOOL_CONVERSION = YES;
				CLANG_WARN_COMMA = YES;
				CLANG_WARN_CONSTANT_CONVERSION = YES;
				CLANG_WARN_DEPRECATED_OBJC_IMPLEMENTATIONS = YES;
				CLANG_WARN_DIRECT_OBJC_ISA_USAGE = YES_ERROR;
				CLANG_WARN_DOCUMENTATION_COMMENTS = YES;
				CLANG_WARN_EMPTY_BODY = YES;
				CLANG_WARN_ENUM_CONVERSION = YES;
				CLANG_WARN_INFINITE_RECURSION = YES;
				CLANG_WARN_INT_CONVERSION = YES;
				CLANG_WARN_NON_LITERAL_NULL_CONVERSION = YES;
				CLANG_WARN_OBJC_IMPLICIT_RETAIN_SELF = YES;
				CLANG_WARN_OBJC_LITERAL_CONVERSION = YES;
				CLANG_WARN_OBJC_ROOT_CLASS = YES_ERROR;
				CLANG_WARN_QUOTED_INCLUDE_IN_FRAMEWORK_HEADER = YES;
				CLANG_WARN_RANGE_LOOP_ANALYSIS = YES;
				CLANG_WARN_STRICT_PROTOTYPES = YES;
				CLANG_WARN_SUSPICIOUS_MOVE = YES;
				CLANG_WARN_UNGUARDED_AVAILABILITY = YES_AGGRESSIVE;
				CLANG_WARN_UNREACHABLE_CODE = YES;
				CLANG_WARN__DUPLICATE_METHOD_MATCH = YES;
				COPY_PHASE_STRIP = NO;
				DEBUG_INFORMATION_FORMAT = "dwarf-with-dsym";
				ENABLE_NS_ASSERTIONS = NO;
				ENABLE_STRICT_OBJC_MSGSEND = YES;
				GCC_C_LANGUAGE_STANDARD = gnu11;
				GCC_NO_COMMON_BLOCKS = YES;
				GCC_WARN_64_TO_32_BIT_CONVERSION = YES;
				GCC_WARN_ABOUT_RETURN_TYPE = YES_ERROR;
				GCC_WARN_UNDECLARED_SELECTOR = YES;
				GCC_WARN_UNINITIALIZED_AUTOS = YES_AGGRESSIVE;
				GCC_WARN_UNUSED_FUNCTION = YES;
				GCC_WARN_UNUSED_VARIABLE = YES;
				MTL_ENABLE_DEBUG_INFO = NO;
				MTL_FAST_MATH = YES;
				SWIFT_COMPILATION_MODE = wholemodule;
				SWIFT_OPTIMIZATION_LEVEL = "-O";
			};
			name = Release;
		};
		AF2B194025132A4C00C045E2 /* Debug */ = {
			isa = XCBuildConfiguration;
			buildSettings = {
				ASSETCATALOG_COMPILER_APPICON_NAME = AppIcon;
				ASSETCATALOG_COMPILER_GLOBAL_ACCENT_COLOR_NAME = AccentColor;
				CODE_SIGN_STYLE = Automatic;
				INFOPLIST_FILE = "AVURLCache iOS/Info.plist";
				IPHONEOS_DEPLOYMENT_TARGET = 12.0;
				LD_RUNPATH_SEARCH_PATHS = (
					"$(inherited)",
					"@executable_path/Frameworks",
				);
				PRODUCT_BUNDLE_IDENTIFIER = com.github.yycking.AVURLCache;
				PRODUCT_NAME = AVURLCache;
				SDKROOT = iphoneos;
				SWIFT_VERSION = 5.0;
				TARGETED_DEVICE_FAMILY = "1,2";
			};
			name = Debug;
		};
		AF2B194125132A4C00C045E2 /* Release */ = {
			isa = XCBuildConfiguration;
			buildSettings = {
				ASSETCATALOG_COMPILER_APPICON_NAME = AppIcon;
				ASSETCATALOG_COMPILER_GLOBAL_ACCENT_COLOR_NAME = AccentColor;
				CODE_SIGN_STYLE = Automatic;
				INFOPLIST_FILE = "AVURLCache iOS/Info.plist";
				IPHONEOS_DEPLOYMENT_TARGET = 12.0;
				LD_RUNPATH_SEARCH_PATHS = (
					"$(inherited)",
					"@executable_path/Frameworks",
				);
				PRODUCT_BUNDLE_IDENTIFIER = com.github.yycking.AVURLCache;
				PRODUCT_NAME = AVURLCache;
				SDKROOT = iphoneos;
				SWIFT_VERSION = 5.0;
				TARGETED_DEVICE_FAMILY = "1,2";
				VALIDATE_PRODUCT = YES;
			};
			name = Release;
		};
		AF2B194325132A4C00C045E2 /* Debug */ = {
			isa = XCBuildConfiguration;
			buildSettings = {
				ASSETCATALOG_COMPILER_APPICON_NAME = AppIcon;
				ASSETCATALOG_COMPILER_GLOBAL_ACCENT_COLOR_NAME = AccentColor;
				CODE_SIGN_ENTITLEMENTS = "AVURLCache macOS/AVURLCache_macOS.entitlements";
				CODE_SIGN_STYLE = Automatic;
				COMBINE_HIDPI_IMAGES = YES;
				INFOPLIST_FILE = "AVURLCache macOS/Info.plist";
				LD_RUNPATH_SEARCH_PATHS = (
					"$(inherited)",
					"@executable_path/../Frameworks",
				);
				MACOSX_DEPLOYMENT_TARGET = 10.14;
				PRODUCT_BUNDLE_IDENTIFIER = com.github.yycking.AVURLCache;
				PRODUCT_NAME = AVURLCache;
				SDKROOT = macosx;
				SWIFT_VERSION = 5.0;
			};
			name = Debug;
		};
		AF2B194425132A4C00C045E2 /* Release */ = {
			isa = XCBuildConfiguration;
			buildSettings = {
				ASSETCATALOG_COMPILER_APPICON_NAME = AppIcon;
				ASSETCATALOG_COMPILER_GLOBAL_ACCENT_COLOR_NAME = AccentColor;
				CODE_SIGN_ENTITLEMENTS = "AVURLCache macOS/AVURLCache_macOS.entitlements";
				CODE_SIGN_STYLE = Automatic;
				COMBINE_HIDPI_IMAGES = YES;
				INFOPLIST_FILE = "AVURLCache macOS/Info.plist";
				LD_RUNPATH_SEARCH_PATHS = (
					"$(inherited)",
					"@executable_path/../Frameworks",
				);
				MACOSX_DEPLOYMENT_TARGET = 10.14;
				PRODUCT_BUNDLE_IDENTIFIER = com.github.yycking.AVURLCache;
				PRODUCT_NAME = AVURLCache;
				SDKROOT = macosx;
				SWIFT_VERSION = 5.0;
			};
			name = Release;
		};
/* End XCBuildConfiguration section */

/* Begin XCConfigurationList section */
		AF2B190E25132A4900C045E2 /* Build configuration list for PBXProject "AVURLCache" */ = {
			isa = XCConfigurationList;
			buildConfigurations = (
				AF2B193D25132A4C00C045E2 /* Debug */,
				AF2B193E25132A4C00C045E2 /* Release */,
			);
			defaultConfigurationIsVisible = 0;
			defaultConfigurationName = Release;
		};
		AF2B193F25132A4C00C045E2 /* Build configuration list for PBXNativeTarget "AVURLCache iOS" */ = {
			isa = XCConfigurationList;
			buildConfigurations = (
				AF2B194025132A4C00C045E2 /* Debug */,
				AF2B194125132A4C00C045E2 /* Release */,
			);
			defaultConfigurationIsVisible = 0;
			defaultConfigurationName = Release;
		};
		AF2B194225132A4C00C045E2 /* Build configuration list for PBXNativeTarget "AVURLCache macOS" */ = {
			isa = XCConfigurationList;
			buildConfigurations = (
				AF2B194325132A4C00C045E2 /* Debug */,
				AF2B194425132A4C00C045E2 /* Release */,
			);
			defaultConfigurationIsVisible = 0;
			defaultConfigurationName = Release;
		};
/* End XCConfigurationList section */
	};
	rootObject = AF2B190B25132A4900C045E2 /* Project object */;
}
